Microsoft Visual Studio Solution File, Format Version 12.00
# Visual Studio Version 17
VisualStudioVersion = 17.0.31903.59
MinimumVisualStudioVersion = 10.0.40219.1

# Project #1: Web Server
Project("{FAE04EC0-301F-11D3-BF4B-00C04F79EFBC}") = "LiteWeb.Server", "src\LiteWeb.Server\LiteWeb.Server.csproj", "{8A2B68A3-E42F-4E33-8A7E-D0B9C09E3D65}"
EndProject

# Project #2: Framework
Project("{FAE04EC0-301F-11D3-BF4B-00C04F79EFBC}") = "LiteWeb.Framework", "src\LiteWeb.Framework\LiteWeb.Framework.csproj", "{B4C6A2E9-F1C5-4A3C-9F8F-2A7D9B8E1A0F}"
EndProject

# Project #3: Sample WebApp
Project("{FAE04EC0-301F-11D3-BF4B-00C04F79EFBC}") = "WebApp", "samples\WebApp\WebApp.csproj", "{D1CA21A0-FED0-494D-82E6-506E6C8BE6D3}"
EndProject

Global
	GlobalSection(SolutionConfigurationPlatforms) = preSolution
		Debug|Any CPU = Debug|Any CPU
		Release|Any CPU = Release|Any CPU
	EndGlobalSection
	GlobalSection(ProjectConfigurationPlatforms) = postSolution
		# Build settings for LiteWeb.Server
		{8A2B68A3-E42F-4E33-8A7E-D0B9C09E3D65}.Debug|Any CPU.ActiveCfg = Debug|Any CPU
		{8A2B68A3-E42F-4E33-8A7E-D0B9C09E3D65}.Debug|Any CPU.Build.0 = Debug|Any CPU
		{8A2B68A3-E42F-4E33-8A7E-D0B9C09E3D65}.Release|Any CPU.ActiveCfg = Release|Any CPU
		{8A2B68A3-E42F-4E33-8A7E-D0B9C09E3D65}.Release|Any CPU.Build.0 = Release|Any CPU
		
		# Build settings for LiteWeb.Framework
		{B4C6A2E9-F1C5-4A3C-9F8F-2A7D9B8E1A0F}.Debug|Any CPU.ActiveCfg = Debug|Any CPU
		{B4C6A2E9-F1C5-4A3C-9F8F-2A7D9B8E1A0F}.Debug|Any CPU.Build.0 = Debug|Any CPU
		{B4C6A2E9-F1C5-4A3C-9F8F-2A7D9B8E1A0F}.Release|Any CPU.ActiveCfg = Release|Any CPU
		{B4C6A2E9-F1C5-4A3C-9F8F-2A7D9B8E1A0F}.Release|Any CPU.Build.0 = Release|Any CPU
		
		# Build settings for WebApp
		{D1CA21A0-FED0-494D-82E6-506E6C8BE6D3}.Debug|Any CPU.ActiveCfg = Debug|Any CPU
		{D1CA21A0-FED0-494D-82E6-506E6C8BE6D3}.Debug|Any CPU.Build.0 = Debug|Any CPU
		{D1CA21A0-FED0-494D-82E6-506E6C8BE6D3}.Release|Any CPU.ActiveCfg = Release|Any CPU
		{D1CA21A0-FED0-494D-82E6-506E6C8BE6D3}.Release|Any CPU.Build.0 = Release|Any CPU
	EndGlobalSection
EndGlobal
